
Microsoft Visual Studio Solution File, Format Version 12.00
# Visual Studio Version 16
VisualStudioVersion = 16.0.28803.156
MinimumVisualStudioVersion = 10.0.40219.1
Project("{FAE04EC0-301F-11D3-BF4B-00C04F79EFBC}") = "AFMProj", "AFMProj.csproj", "{CD2147FC-34C0-4667-87AE-82850659D1DD}"
EndProject
Global
	GlobalSection(SolutionConfigurationPlatforms) = preSolution
		Debug|Any CPU = Debug|Any CPU
		Release|Any CPU = Release|Any CPU
	EndGlobalSection
	GlobalSection(ProjectConfigurationPlatforms) = postSolution
		{CD2147FC-34C0-4667-87AE-82850659D1DD}.Debug|Any CPU.ActiveCfg = Debug|Any CPU
		{CD2147FC-34C0-4667-87AE-82850659D1DD}.Debug|Any CPU.Build.0 = Debug|Any CPU
		{CD2147FC-34C0-4667-87AE-82850659D1DD}.Release|Any CPU.ActiveCfg = Release|Any CPU
		{CD2147FC-34C0-4667-87AE-82850659D1DD}.Release|Any CPU.Build.0 = Release|Any CPU
	EndGlobalSection
	GlobalSection(SolutionProperties) = preSolution
		HideSolutionNode = FALSE
	EndGlobalSection
	GlobalSection(ExtensibilityGlobals) = postSolution
		SolutionGuid = {0FEDFDE0-6CCB-4DF5-95E8-73C478E07B07}
	EndGlobalSection
EndGlobal
